// !$*UTF8*$!
{
	archiveVersion = 1;
	classes = {
	};
	objectVersion = 46;
	objects = {

/* Begin PBXBuildFile section */
		0400F79D1EC00B63003FBAA1 /* SearchBarViewController.swift in Sources */ = {isa = PBXBuildFile; fileRef = 0400F79C1EC00B63003FBAA1 /* SearchBarViewController.swift */; };
		040B377E1E5EAF3E00795190 /* StudyOnLineViewController.swift in Sources */ = {isa = PBXBuildFile; fileRef = 040B377D1E5EAF3E00795190 /* StudyOnLineViewController.swift */; };
		040EDEC71E6D34D300EA70A7 /* HighManagerMoneyViewController.swift in Sources */ = {isa = PBXBuildFile; fileRef = 040EDEC61E6D34D200EA70A7 /* HighManagerMoneyViewController.swift */; };
		040EDECC1E6D355A00EA70A7 /* NavTitleView.swift in Sources */ = {isa = PBXBuildFile; fileRef = 040EDECB1E6D355A00EA70A7 /* NavTitleView.swift */; };
		040EDECE1E6D3F8500EA70A7 /* HighManagerHeaderView.swift in Sources */ = {isa = PBXBuildFile; fileRef = 040EDECD1E6D3F8500EA70A7 /* HighManagerHeaderView.swift */; };
		040EDED01E6D429A00EA70A7 /* HighManagerTableViewCell.swift in Sources */ = {isa = PBXBuildFile; fileRef = 040EDECF1E6D429A00EA70A7 /* HighManagerTableViewCell.swift */; };
		040EF00C1E6027C800EC65A6 /* PieChatViewController.swift in Sources */ = {isa = PBXBuildFile; fileRef = 040EF00B1E6027C800EC65A6 /* PieChatViewController.swift */; };
		040EFA201E6667CF0057AB52 /* InteractionViewControoler.swift in Sources */ = {isa = PBXBuildFile; fileRef = 040EFA1F1E6667CF0057AB52 /* InteractionViewControoler.swift */; };
		040EFA221E66779D0057AB52 /* EmitterViewController.swift in Sources */ = {isa = PBXBuildFile; fileRef = 040EFA211E66779D0057AB52 /* EmitterViewController.swift */; };
		040EFA241E6697160057AB52 /* UCHeaderPullAnimationViewController.swift in Sources */ = {isa = PBXBuildFile; fileRef = 040EFA231E6697160057AB52 /* UCHeaderPullAnimationViewController.swift */; };
		0411423E1E78E8B900663882 /* ChannelViewController.swift in Sources */ = {isa = PBXBuildFile; fileRef = 0411423D1E78E8B900663882 /* ChannelViewController.swift */; };
		041142411E79457B00663882 /* FoldViewController.swift in Sources */ = {isa = PBXBuildFile; fileRef = 041142401E79457B00663882 /* FoldViewController.swift */; };
		041142431E7945A500663882 /* FoldTableViewCell.swift in Sources */ = {isa = PBXBuildFile; fileRef = 041142421E7945A500663882 /* FoldTableViewCell.swift */; };
		041142481E79532C00663882 /* NavWaveViewController.swift in Sources */ = {isa = PBXBuildFile; fileRef = 041142471E79532C00663882 /* NavWaveViewController.swift */; };
		0411424A1E79534900663882 /* NavWaveView.swift in Sources */ = {isa = PBXBuildFile; fileRef = 041142491E79534900663882 /* NavWaveView.swift */; };
		04158BB31E6E833F00CF50B8 /* HighManagerDetailViewController.swift in Sources */ = {isa = PBXBuildFile; fileRef = 04158BB21E6E833F00CF50B8 /* HighManagerDetailViewController.swift */; };
		04158BB51E6E866D00CF50B8 /* DetailHeaderView.swift in Sources */ = {isa = PBXBuildFile; fileRef = 04158BB41E6E866D00CF50B8 /* DetailHeaderView.swift */; };
		04158BB71E6E87F700CF50B8 /* DetailHeaderView.xib in Resources */ = {isa = PBXBuildFile; fileRef = 04158BB61E6E87F700CF50B8 /* DetailHeaderView.xib */; };
		04186D281E7B87AB00CC4951 /* MenuHomeViewController.swift in Sources */ = {isa = PBXBuildFile; fileRef = 04186D271E7B87AB00CC4951 /* MenuHomeViewController.swift */; };
		04186D2A1E7B87B900CC4951 /* MenuMainViewController.swift in Sources */ = {isa = PBXBuildFile; fileRef = 04186D291E7B87B900CC4951 /* MenuMainViewController.swift */; };
		04186D2C1E7B87C400CC4951 /* MenuDetailViewController.swift in Sources */ = {isa = PBXBuildFile; fileRef = 04186D2B1E7B87C400CC4951 /* MenuDetailViewController.swift */; };
		04186D2E1E7B888000CC4951 /* MenuHomeViewController.xib in Resources */ = {isa = PBXBuildFile; fileRef = 04186D2D1E7B888000CC4951 /* MenuHomeViewController.xib */; };
		04186D301E7B8DEB00CC4951 /* MenuMainViewController.xib in Resources */ = {isa = PBXBuildFile; fileRef = 04186D2F1E7B8DEB00CC4951 /* MenuMainViewController.xib */; };
		04186D321E7BB29900CC4951 /* MenuDetailViewController.xib in Resources */ = {isa = PBXBuildFile; fileRef = 04186D311E7BB29900CC4951 /* MenuDetailViewController.xib */; };
		04186D351E7BDF2200CC4951 /* MaskTestViewController.swift in Sources */ = {isa = PBXBuildFile; fileRef = 04186D341E7BDF2200CC4951 /* MaskTestViewController.swift */; };
		041EE3EE1E54051300593A77 /* GestureUnlockViewController.swift in Sources */ = {isa = PBXBuildFile; fileRef = 041EE3ED1E54051300593A77 /* GestureUnlockViewController.swift */; };
		041FD6BC1E7FAB32004F3B33 /* ScaleLabelViewController.swift in Sources */ = {isa = PBXBuildFile; fileRef = 041FD6BB1E7FAB32004F3B33 /* ScaleLabelViewController.swift */; };
		043481941E6FAFEF000AAB5F /* TableViewTapAnimationController.swift in Sources */ = {isa = PBXBuildFile; fileRef = 043481931E6FAFEF000AAB5F /* TableViewTapAnimationController.swift */; };
		043481971E6FB99E000AAB5F /* TapAnimationCell.swift in Sources */ = {isa = PBXBuildFile; fileRef = 043481961E6FB99E000AAB5F /* TapAnimationCell.swift */; };
		0436BF6C1E88C23F0010794A /* ShinningViewController.swift in Sources */ = {isa = PBXBuildFile; fileRef = 0436BF6B1E88C23F0010794A /* ShinningViewController.swift */; };
		043C7CF21E890DB00009C6C2 /* TapCellAnimationViewController.swift in Sources */ = {isa = PBXBuildFile; fileRef = 043C7CF11E890DB00009C6C2 /* TapCellAnimationViewController.swift */; };
		043C7CF41E890E2A0009C6C2 /* TapCellModel.swift in Sources */ = {isa = PBXBuildFile; fileRef = 043C7CF31E890E2A0009C6C2 /* TapCellModel.swift */; };
		043C7CF61E890E590009C6C2 /* TapTableViewCell.swift in Sources */ = {isa = PBXBuildFile; fileRef = 043C7CF51E890E590009C6C2 /* TapTableViewCell.swift */; };
		043D79991E4AB7FE00B80296 /* LoadingIndicatorViewController.swift in Sources */ = {isa = PBXBuildFile; fileRef = 043D79981E4AB7FE00B80296 /* LoadingIndicatorViewController.swift */; };
		043D79A91E4B0A6900B80296 /* LoginViewController.swift in Sources */ = {isa = PBXBuildFile; fileRef = 043D79A81E4B0A6900B80296 /* LoginViewController.swift */; };
		0448CD121E52EB8900A6C0EE /* ApplauseViewController.swift in Sources */ = {isa = PBXBuildFile; fileRef = 0448CD111E52EB8900A6C0EE /* ApplauseViewController.swift */; };
		0458E05A1E56D21B001EA20B /* PopPresentViewControoler.swift in Sources */ = {isa = PBXBuildFile; fileRef = 0458E0591E56D21B001EA20B /* PopPresentViewControoler.swift */; };
		0458E05C1E56D238001EA20B /* PopPresentedViewControoler.swift in Sources */ = {isa = PBXBuildFile; fileRef = 0458E05B1E56D238001EA20B /* PopPresentedViewControoler.swift */; };
		04645A911E84F2ED000D2B7F /* NavgationImgScaleViewController.swift in Sources */ = {isa = PBXBuildFile; fileRef = 04645A901E84F2ED000D2B7F /* NavgationImgScaleViewController.swift */; };
		0465A3A01E4C4A7400BAB06D /* LoginTextFieldAnimationViewController.swift in Sources */ = {isa = PBXBuildFile; fileRef = 0465A39F1E4C4A7400BAB06D /* LoginTextFieldAnimationViewController.swift */; };
		0465A3A21E4C701E00BAB06D /* ShoppingViewController.swift in Sources */ = {isa = PBXBuildFile; fileRef = 0465A3A11E4C701E00BAB06D /* ShoppingViewController.swift */; };
		047A05231E4995AF00D2CDB5 /* AppDelegate.swift in Sources */ = {isa = PBXBuildFile; fileRef = 047A05221E4995AF00D2CDB5 /* AppDelegate.swift */; };
		047A05251E4995AF00D2CDB5 /* ViewController.swift in Sources */ = {isa = PBXBuildFile; fileRef = 047A05241E4995AF00D2CDB5 /* ViewController.swift */; };
		047A05281E4995AF00D2CDB5 /* Main.storyboard in Resources */ = {isa = PBXBuildFile; fileRef = 047A05261E4995AF00D2CDB5 /* Main.storyboard */; };
		047A052A1E4995AF00D2CDB5 /* Assets.xcassets in Resources */ = {isa = PBXBuildFile; fileRef = 047A05291E4995AF00D2CDB5 /* Assets.xcassets */; };
		047A052D1E4995AF00D2CDB5 /* LaunchScreen.storyboard in Resources */ = {isa = PBXBuildFile; fileRef = 047A052B1E4995AF00D2CDB5 /* LaunchScreen.storyboard */; };
		047A05381E4995AF00D2CDB5 /* LoadingTests.swift in Sources */ = {isa = PBXBuildFile; fileRef = 047A05371E4995AF00D2CDB5 /* LoadingTests.swift */; };
		047A05431E4995AF00D2CDB5 /* LoadingUITests.swift in Sources */ = {isa = PBXBuildFile; fileRef = 047A05421E4995AF00D2CDB5 /* LoadingUITests.swift */; };
		047A05511E49966A00D2CDB5 /* LaunchScreenViewController.swift in Sources */ = {isa = PBXBuildFile; fileRef = 047A05501E49966A00D2CDB5 /* LaunchScreenViewController.swift */; };
		047AF3161E77CFDF007E6A0C /* BaseDragerViewController.swift in Sources */ = {isa = PBXBuildFile; fileRef = 047AF3151E77CFDF007E6A0C /* BaseDragerViewController.swift */; };
		047AF3181E77F186007E6A0C /* DragerViewController.swift in Sources */ = {isa = PBXBuildFile; fileRef = 047AF3171E77F186007E6A0C /* DragerViewController.swift */; };
		047AF31A1E77F2D7007E6A0C /* NavgationView.swift in Sources */ = {isa = PBXBuildFile; fileRef = 047AF3191E77F2D7007E6A0C /* NavgationView.swift */; };
		047AF31C1E77F31B007E6A0C /* NavgationView.xib in Resources */ = {isa = PBXBuildFile; fileRef = 047AF31B1E77F31B007E6A0C /* NavgationView.xib */; };
		047AF31E1E7801D6007E6A0C /* LeftViewController.swift in Sources */ = {isa = PBXBuildFile; fileRef = 047AF31D1E7801D6007E6A0C /* LeftViewController.swift */; };
		04A391451E851943000D49C0 /* HeaderViewTapAnimationViewController.swift in Sources */ = {isa = PBXBuildFile; fileRef = 04A391441E851943000D49C0 /* HeaderViewTapAnimationViewController.swift */; };
		04A391471E851AC8000D49C0 /* ClassStudentsCell.swift in Sources */ = {isa = PBXBuildFile; fileRef = 04A391461E851AC8000D49C0 /* ClassStudentsCell.swift */; };
		04A391491E851B5C000D49C0 /* ClassModel.swift in Sources */ = {isa = PBXBuildFile; fileRef = 04A391481E851B5C000D49C0 /* ClassModel.swift */; };
		04A3914B1E851BA5000D49C0 /* ClassHeaderView.swift in Sources */ = {isa = PBXBuildFile; fileRef = 04A3914A1E851BA5000D49C0 /* ClassHeaderView.swift */; };
		04B9EC111E5588E60036D561 /* CircleSpreadViewController.swift in Sources */ = {isa = PBXBuildFile; fileRef = 04B9EC101E5588E60036D561 /* CircleSpreadViewController.swift */; };
		04B9EC131E558B010036D561 /* CircleSpreadPresentedViewController.swift in Sources */ = {isa = PBXBuildFile; fileRef = 04B9EC121E558B010036D561 /* CircleSpreadPresentedViewController.swift */; };
		04CC7F861E4D8770002A0958 /* SignViewController.swift in Sources */ = {isa = PBXBuildFile; fileRef = 04CC7F851E4D8770002A0958 /* SignViewController.swift */; };
		04CC7F881E4DB3AD002A0958 /* NavigationWavaViewController.swift in Sources */ = {isa = PBXBuildFile; fileRef = 04CC7F871E4DB3AD002A0958 /* NavigationWavaViewController.swift */; };
		04EE06E41E6D5C5E003BAA70 /* UIColor+Extension.swift in Sources */ = {isa = PBXBuildFile; fileRef = 04EE06E31E6D5C5E003BAA70 /* UIColor+Extension.swift */; };
		04F4FEDB1E70F0870017937F /* CustomCell.swift in Sources */ = {isa = PBXBuildFile; fileRef = 04F4FEDA1E70F0860017937F /* CustomCell.swift */; };
		04F4FEDD1E70F9BA0017937F /* TapAnimationModel.swift in Sources */ = {isa = PBXBuildFile; fileRef = 04F4FEDC1E70F9BA0017937F /* TapAnimationModel.swift */; };
		04F965F61E6D07B500FAD5AA /* CountingViewController.swift in Sources */ = {isa = PBXBuildFile; fileRef = 04F965F51E6D07B500FAD5AA /* CountingViewController.swift */; };
		DBF1AFF47DCD00232093EA1B /* libPods-Loading.a in Frameworks */ = {isa = PBXBuildFile; fileRef = FA9E602A96F04D74678DA3B9 /* libPods-Loading.a */; };
/* End PBXBuildFile section */

/* Begin PBXContainerItemProxy section */
		047A05341E4995AF00D2CDB5 /* PBXContainerItemProxy */ = {
			isa = PBXContainerItemProxy;
			containerPortal = 047A05171E4995AF00D2CDB5 /* Project object */;
			proxyType = 1;
			remoteGlobalIDString = 047A051E1E4995AF00D2CDB5;
			remoteInfo = Loading;
		};
		047A053F1E4995AF00D2CDB5 /* PBXContainerItemProxy */ = {
			isa = PBXContainerItemProxy;
			containerPortal = 047A05171E4995AF00D2CDB5 /* Project object */;
			proxyType = 1;
			remoteGlobalIDString = 047A051E1E4995AF00D2CDB5;
			remoteInfo = Loading;
		};
/* End PBXContainerItemProxy section */

/* Begin PBXFileReference section */
		03EB1D7635955D9DEFECB1FB /* Pods-Loading.debug.xcconfig */ = {isa = PBXFileReference; includeInIndex = 1; lastKnownFileType = text.xcconfig; name = "Pods-Loading.debug.xcconfig"; path = "Pods/Target Support Files/Pods-Loading/Pods-Loading.debug.xcconfig"; sourceTree = "<group>"; };
		0400F79C1EC00B63003FBAA1 /* SearchBarViewController.swift */ = {isa = PBXFileReference; fileEncoding = 4; lastKnownFileType = sourcecode.swift; path = SearchBarViewController.swift; sourceTree = "<group>"; };
		040B377D1E5EAF3E00795190 /* StudyOnLineViewController.swift */ = {isa = PBXFileReference; fileEncoding = 4; lastKnownFileType = sourcecode.swift; path = StudyOnLineViewController.swift; sourceTree = "<group>"; };
		040EDEC61E6D34D200EA70A7 /* HighManagerMoneyViewController.swift */ = {isa = PBXFileReference; fileEncoding = 4; lastKnownFileType = sourcecode.swift; path = HighManagerMoneyViewController.swift; sourceTree = "<group>"; };
		040EDECB1E6D355A00EA70A7 /* NavTitleView.swift */ = {isa = PBXFileReference; fileEncoding = 4; lastKnownFileType = sourcecode.swift; path = NavTitleView.swift; sourceTree = "<group>"; };
		040EDECD1E6D3F8500EA70A7 /* HighManagerHeaderView.swift */ = {isa = PBXFileReference; fileEncoding = 4; lastKnownFileType = sourcecode.swift; path = HighManagerHeaderView.swift; sourceTree = "<group>"; };
		040EDECF1E6D429A00EA70A7 /* HighManagerTableViewCell.swift */ = {isa = PBXFileReference; fileEncoding = 4; lastKnownFileType = sourcecode.swift; path = HighManagerTableViewCell.swift; sourceTree = "<group>"; };
		040EDED31E6D4FF500EA70A7 /* Loading-Bridging-Header.h */ = {isa = PBXFileReference; lastKnownFileType = sourcecode.c.h; path = "Loading-Bridging-Header.h"; sourceTree = "<group>"; };
		040EF00B1E6027C800EC65A6 /* PieChatViewController.swift */ = {isa = PBXFileReference; fileEncoding = 4; lastKnownFileType = sourcecode.swift; path = PieChatViewController.swift; sourceTree = "<group>"; };
		040EFA1F1E6667CF0057AB52 /* InteractionViewControoler.swift */ = {isa = PBXFileReference; fileEncoding = 4; lastKnownFileType = sourcecode.swift; path = InteractionViewControoler.swift; sourceTree = "<group>"; };
		040EFA211E66779D0057AB52 /* EmitterViewController.swift */ = {isa = PBXFileReference; fileEncoding = 4; lastKnownFileType = sourcecode.swift; path = EmitterViewController.swift; sourceTree = "<group>"; };
		040EFA231E6697160057AB52 /* UCHeaderPullAnimationViewController.swift */ = {isa = PBXFileReference; fileEncoding = 4; lastKnownFileType = sourcecode.swift; path = UCHeaderPullAnimationViewController.swift; sourceTree = "<group>"; };
		0411423D1E78E8B900663882 /* ChannelViewController.swift */ = {isa = PBXFileReference; fileEncoding = 4; lastKnownFileType = sourcecode.swift; path = ChannelViewController.swift; sourceTree = "<group>"; };
		041142401E79457B00663882 /* FoldViewController.swift */ = {isa = PBXFileReference; fileEncoding = 4; lastKnownFileType = sourcecode.swift; path = FoldViewController.swift; sourceTree = "<group>"; };
		041142421E7945A500663882 /* FoldTableViewCell.swift */ = {isa = PBXFileReference; fileEncoding = 4; lastKnownFileType = sourcecode.swift; path = FoldTableViewCell.swift; sourceTree = "<group>"; };
		041142471E79532C00663882 /* NavWaveViewController.swift */ = {isa = PBXFileReference; fileEncoding = 4; lastKnownFileType = sourcecode.swift; path = NavWaveViewController.swift; sourceTree = "<group>"; };
		041142491E79534900663882 /* NavWaveView.swift */ = {isa = PBXFileReference; fileEncoding = 4; lastKnownFileType = sourcecode.swift; path = NavWaveView.swift; sourceTree = "<group>"; };
		04158BB21E6E833F00CF50B8 /* HighManagerDetailViewController.swift */ = {isa = PBXFileReference; fileEncoding = 4; lastKnownFileType = sourcecode.swift; path = HighManagerDetailViewController.swift; sourceTree = "<group>"; };
		04158BB41E6E866D00CF50B8 /* DetailHeaderView.swift */ = {isa = PBXFileReference; fileEncoding = 4; lastKnownFileType = sourcecode.swift; path = DetailHeaderView.swift; sourceTree = "<group>"; };
		04158BB61E6E87F700CF50B8 /* DetailHeaderView.xib */ = {isa = PBXFileReference; fileEncoding = 4; lastKnownFileType = file.xib; path = DetailHeaderView.xib; sourceTree = "<group>"; };
		04186D271E7B87AB00CC4951 /* MenuHomeViewController.swift */ = {isa = PBXFileReference; fileEncoding = 4; lastKnownFileType = sourcecode.swift; path = MenuHomeViewController.swift; sourceTree = "<group>"; };
		04186D291E7B87B900CC4951 /* MenuMainViewController.swift */ = {isa = PBXFileReference; fileEncoding = 4; lastKnownFileType = sourcecode.swift; path = MenuMainViewController.swift; sourceTree = "<group>"; };
		04186D2B1E7B87C400CC4951 /* MenuDetailViewController.swift */ = {isa = PBXFileReference; fileEncoding = 4; lastKnownFileType = sourcecode.swift; path = MenuDetailViewController.swift; sourceTree = "<group>"; };
		04186D2D1E7B888000CC4951 /* MenuHomeViewController.xib */ = {isa = PBXFileReference; fileEncoding = 4; lastKnownFileType = file.xib; path = MenuHomeViewController.xib; sourceTree = "<group>"; };
		04186D2F1E7B8DEB00CC4951 /* MenuMainViewController.xib */ = {isa = PBXFileReference; fileEncoding = 4; lastKnownFileType = file.xib; path = MenuMainViewController.xib; sourceTree = "<group>"; };
		04186D311E7BB29900CC4951 /* MenuDetailViewController.xib */ = {isa = PBXFileReference; fileEncoding = 4; lastKnownFileType = file.xib; path = MenuDetailViewController.xib; sourceTree = "<group>"; };
		04186D341E7BDF2200CC4951 /* MaskTestViewController.swift */ = {isa = PBXFileReference; fileEncoding = 4; lastKnownFileType = sourcecode.swift; path = MaskTestViewController.swift; sourceTree = "<group>"; };
		041EE3ED1E54051300593A77 /* GestureUnlockViewController.swift */ = {isa = PBXFileReference; fileEncoding = 4; lastKnownFileType = sourcecode.swift; path = GestureUnlockViewController.swift; sourceTree = "<group>"; };
		041FD6BB1E7FAB32004F3B33 /* ScaleLabelViewController.swift */ = {isa = PBXFileReference; fileEncoding = 4; lastKnownFileType = sourcecode.swift; path = ScaleLabelViewController.swift; sourceTree = "<group>"; };
		043481931E6FAFEF000AAB5F /* TableViewTapAnimationController.swift */ = {isa = PBXFileReference; fileEncoding = 4; lastKnownFileType = sourcecode.swift; path = TableViewTapAnimationController.swift; sourceTree = "<group>"; };
		043481961E6FB99E000AAB5F /* TapAnimationCell.swift */ = {isa = PBXFileReference; fileEncoding = 4; lastKnownFileType = sourcecode.swift; path = TapAnimationCell.swift; sourceTree = "<group>"; };
		0436BF6B1E88C23F0010794A /* ShinningViewController.swift */ = {isa = PBXFileReference; fileEncoding = 4; lastKnownFileType = sourcecode.swift; path = ShinningViewController.swift; sourceTree = "<group>"; };
		043C7CF11E890DB00009C6C2 /* TapCellAnimationViewController.swift */ = {isa = PBXFileReference; fileEncoding = 4; lastKnownFileType = sourcecode.swift; path = TapCellAnimationViewController.swift; sourceTree = "<group>"; };
		043C7CF31E890E2A0009C6C2 /* TapCellModel.swift */ = {isa = PBXFileReference; fileEncoding = 4; lastKnownFileType = sourcecode.swift; path = TapCellModel.swift; sourceTree = "<group>"; };
		043C7CF51E890E590009C6C2 /* TapTableViewCell.swift */ = {isa = PBXFileReference; fileEncoding = 4; lastKnownFileType = sourcecode.swift; path = TapTableViewCell.swift; sourceTree = "<group>"; };
		043D79981E4AB7FE00B80296 /* LoadingIndicatorViewController.swift */ = {isa = PBXFileReference; fileEncoding = 4; lastKnownFileType = sourcecode.swift; path = LoadingIndicatorViewController.swift; sourceTree = "<group>"; };
		043D79A81E4B0A6900B80296 /* LoginViewController.swift */ = {isa = PBXFileReference; fileEncoding = 4; lastKnownFileType = sourcecode.swift; path = LoginViewController.swift; sourceTree = "<group>"; };
		0448CD111E52EB8900A6C0EE /* ApplauseViewController.swift */ = {isa = PBXFileReference; fileEncoding = 4; lastKnownFileType = sourcecode.swift; path = ApplauseViewController.swift; sourceTree = "<group>"; };
		0458E0591E56D21B001EA20B /* PopPresentViewControoler.swift */ = {isa = PBXFileReference; fileEncoding = 4; lastKnownFileType = sourcecode.swift; path = PopPresentViewControoler.swift; sourceTree = "<group>"; };
		0458E05B1E56D238001EA20B /* PopPresentedViewControoler.swift */ = {isa = PBXFileReference; fileEncoding = 4; lastKnownFileType = sourcecode.swift; path = PopPresentedViewControoler.swift; sourceTree = "<group>"; };
		04645A901E84F2ED000D2B7F /* NavgationImgScaleViewController.swift */ = {isa = PBXFileReference; fileEncoding = 4; lastKnownFileType = sourcecode.swift; path = NavgationImgScaleViewController.swift; sourceTree = "<group>"; };
		0465A39F1E4C4A7400BAB06D /* LoginTextFieldAnimationViewController.swift */ = {isa = PBXFileReference; fileEncoding = 4; lastKnownFileType = sourcecode.swift; path = LoginTextFieldAnimationViewController.swift; sourceTree = "<group>"; };
		0465A3A11E4C701E00BAB06D /* ShoppingViewController.swift */ = {isa = PBXFileReference; fileEncoding = 4; lastKnownFileType = sourcecode.swift; path = ShoppingViewController.swift; sourceTree = "<group>"; };
		047A051F1E4995AF00D2CDB5 /* Loading.app */ = {isa = PBXFileReference; explicitFileType = wrapper.application; includeInIndex = 0; path = Loading.app; sourceTree = BUILT_PRODUCTS_DIR; };
		047A05221E4995AF00D2CDB5 /* AppDelegate.swift */ = {isa = PBXFileReference; lastKnownFileType = sourcecode.swift; path = AppDelegate.swift; sourceTree = "<group>"; };
		047A05241E4995AF00D2CDB5 /* ViewController.swift */ = {isa = PBXFileReference; lastKnownFileType = sourcecode.swift; path = ViewController.swift; sourceTree = "<group>"; };
		047A05271E4995AF00D2CDB5 /* Base */ = {isa = PBXFileReference; lastKnownFileType = file.storyboard; name = Base; path = Base.lproj/Main.storyboard; sourceTree = "<group>"; };
		047A05291E4995AF00D2CDB5 /* Assets.xcassets */ = {isa = PBXFileReference; lastKnownFileType = folder.assetcatalog; path = Assets.xcassets; sourceTree = "<group>"; };
		047A052C1E4995AF00D2CDB5 /* Base */ = {isa = PBXFileReference; lastKnownFileType = file.storyboard; name = Base; path = Base.lproj/LaunchScreen.storyboard; sourceTree = "<group>"; };
		047A052E1E4995AF00D2CDB5 /* Info.plist */ = {isa = PBXFileReference; lastKnownFileType = text.plist.xml; path = Info.plist; sourceTree = "<group>"; };
		047A05331E4995AF00D2CDB5 /* LoadingTests.xctest */ = {isa = PBXFileReference; explicitFileType = wrapper.cfbundle; includeInIndex = 0; path = LoadingTests.xctest; sourceTree = BUILT_PRODUCTS_DIR; };
		047A05371E4995AF00D2CDB5 /* LoadingTests.swift */ = {isa = PBXFileReference; lastKnownFileType = sourcecode.swift; path = LoadingTests.swift; sourceTree = "<group>"; };
		047A05391E4995AF00D2CDB5 /* Info.plist */ = {isa = PBXFileReference; lastKnownFileType = text.plist.xml; path = Info.plist; sourceTree = "<group>"; };
		047A053E1E4995AF00D2CDB5 /* LoadingUITests.xctest */ = {isa = PBXFileReference; explicitFileType = wrapper.cfbundle; includeInIndex = 0; path = LoadingUITests.xctest; sourceTree = BUILT_PRODUCTS_DIR; };
		047A05421E4995AF00D2CDB5 /* LoadingUITests.swift */ = {isa = PBXFileReference; lastKnownFileType = sourcecode.swift; path = LoadingUITests.swift; sourceTree = "<group>"; };
		047A05441E4995AF00D2CDB5 /* Info.plist */ = {isa = PBXFileReference; lastKnownFileType = text.plist.xml; path = Info.plist; sourceTree = "<group>"; };
		047A05501E49966A00D2CDB5 /* LaunchScreenViewController.swift */ = {isa = PBXFileReference; fileEncoding = 4; lastKnownFileType = sourcecode.swift; path = LaunchScreenViewController.swift; sourceTree = "<group>"; };
		047AF3151E77CFDF007E6A0C /* BaseDragerViewController.swift */ = {isa = PBXFileReference; fileEncoding = 4; lastKnownFileType = sourcecode.swift; path = BaseDragerViewController.swift; sourceTree = "<group>"; };
		047AF3171E77F186007E6A0C /* DragerViewController.swift */ = {isa = PBXFileReference; fileEncoding = 4; lastKnownFileType = sourcecode.swift; path = DragerViewController.swift; sourceTree = "<group>"; };
		047AF3191E77F2D7007E6A0C /* NavgationView.swift */ = {isa = PBXFileReference; fileEncoding = 4; lastKnownFileType = sourcecode.swift; path = NavgationView.swift; sourceTree = "<group>"; };
		047AF31B1E77F31B007E6A0C /* NavgationView.xib */ = {isa = PBXFileReference; fileEncoding = 4; lastKnownFileType = file.xib; path = NavgationView.xib; sourceTree = "<group>"; };
		047AF31D1E7801D6007E6A0C /* LeftViewController.swift */ = {isa = PBXFileReference; fileEncoding = 4; lastKnownFileType = sourcecode.swift; path = LeftViewController.swift; sourceTree = "<group>"; };
		04A391441E851943000D49C0 /* HeaderViewTapAnimationViewController.swift */ = {isa = PBXFileReference; fileEncoding = 4; lastKnownFileType = sourcecode.swift; path = HeaderViewTapAnimationViewController.swift; sourceTree = "<group>"; };
		04A391461E851AC8000D49C0 /* ClassStudentsCell.swift */ = {isa = PBXFileReference; fileEncoding = 4; lastKnownFileType = sourcecode.swift; path = ClassStudentsCell.swift; sourceTree = "<group>"; };
		04A391481E851B5C000D49C0 /* ClassModel.swift */ = {isa = PBXFileReference; fileEncoding = 4; lastKnownFileType = sourcecode.swift; path = ClassModel.swift; sourceTree = "<group>"; };
		04A3914A1E851BA5000D49C0 /* ClassHeaderView.swift */ = {isa = PBXFileReference; fileEncoding = 4; lastKnownFileType = sourcecode.swift; path = ClassHeaderView.swift; sourceTree = "<group>"; };
		04B9EC101E5588E60036D561 /* CircleSpreadViewController.swift */ = {isa = PBXFileReference; fileEncoding = 4; lastKnownFileType = sourcecode.swift; path = CircleSpreadViewController.swift; sourceTree = "<group>"; };
		04B9EC121E558B010036D561 /* CircleSpreadPresentedViewController.swift */ = {isa = PBXFileReference; fileEncoding = 4; lastKnownFileType = sourcecode.swift; path = CircleSpreadPresentedViewController.swift; sourceTree = "<group>"; };
		04CC7F851E4D8770002A0958 /* SignViewController.swift */ = {isa = PBXFileReference; fileEncoding = 4; lastKnownFileType = sourcecode.swift; path = SignViewController.swift; sourceTree = "<group>"; };
		04CC7F871E4DB3AD002A0958 /* NavigationWavaViewController.swift */ = {isa = PBXFileReference; fileEncoding = 4; lastKnownFileType = sourcecode.swift; path = NavigationWavaViewController.swift; sourceTree = "<group>"; };
		04EE06E31E6D5C5E003BAA70 /* UIColor+Extension.swift */ = {isa = PBXFileReference; fileEncoding = 4; lastKnownFileType = sourcecode.swift; path = "UIColor+Extension.swift"; sourceTree = "<group>"; };
		04F4FEDA1E70F0860017937F /* CustomCell.swift */ = {isa = PBXFileReference; fileEncoding = 4; lastKnownFileType = sourcecode.swift; path = CustomCell.swift; sourceTree = "<group>"; };
		04F4FEDC1E70F9BA0017937F /* TapAnimationModel.swift */ = {isa = PBXFileReference; fileEncoding = 4; lastKnownFileType = sourcecode.swift; path = TapAnimationModel.swift; sourceTree = "<group>"; };
		04F965F51E6D07B500FAD5AA /* CountingViewController.swift */ = {isa = PBXFileReference; fileEncoding = 4; lastKnownFileType = sourcecode.swift; path = CountingViewController.swift; sourceTree = "<group>"; };
		77ED8C83FF1CAB4979811AAC /* Pods-Loading.release.xcconfig */ = {isa = PBXFileReference; includeInIndex = 1; lastKnownFileType = text.xcconfig; name = "Pods-Loading.release.xcconfig"; path = "Pods/Target Support Files/Pods-Loading/Pods-Loading.release.xcconfig"; sourceTree = "<group>"; };
		FA9E602A96F04D74678DA3B9 /* libPods-Loading.a */ = {isa = PBXFileReference; explicitFileType = archive.ar; includeInIndex = 0; path = "libPods-Loading.a"; sourceTree = BUILT_PRODUCTS_DIR; };
/* End PBXFileReference section */

/* Begin PBXFrameworksBuildPhase section */
		047A051C1E4995AF00D2CDB5 /* Frameworks */ = {
			isa = PBXFrameworksBuildPhase;
			buildActionMask = 2147483647;
			files = (
				DBF1AFF47DCD00232093EA1B /* libPods-Loading.a in Frameworks */,
			);
			runOnlyForDeploymentPostprocessing = 0;
		};
		047A05301E4995AF00D2CDB5 /* Frameworks */ = {
			isa = PBXFrameworksBuildPhase;
			buildActionMask = 2147483647;
			files = (
			);
			runOnlyForDeploymentPostprocessing = 0;
		};
		047A053B1E4995AF00D2CDB5 /* Frameworks */ = {
			isa = PBXFrameworksBuildPhase;
			buildActionMask = 2147483647;
			files = (
			);
			runOnlyForDeploymentPostprocessing = 0;
		};
/* End PBXFrameworksBuildPhase section */

/* Begin PBXGroup section */
		040EDEC51E6D34B200EA70A7 /* 高端理财 */ = {
			isa = PBXGroup;
			children = (
				040EDECA1E6D350700EA70A7 /* Controller */,
				040EDEC81E6D34F200EA70A7 /* View */,
			);
			name = "高端理财";
			sourceTree = "<group>";
		};
		040EDEC81E6D34F200EA70A7 /* View */ = {
			isa = PBXGroup;
			children = (
				040EDECB1E6D355A00EA70A7 /* NavTitleView.swift */,
				040EDECD1E6D3F8500EA70A7 /* HighManagerHeaderView.swift */,
				040EDECF1E6D429A00EA70A7 /* HighManagerTableViewCell.swift */,
				04158BB41E6E866D00CF50B8 /* DetailHeaderView.swift */,
				04158BB61E6E87F700CF50B8 /* DetailHeaderView.xib */,
				040EDED31E6D4FF500EA70A7 /* Loading-Bridging-Header.h */,
				04EE06E31E6D5C5E003BAA70 /* UIColor+Extension.swift */,
			);
			name = View;
			sourceTree = "<group>";
		};
		040EDECA1E6D350700EA70A7 /* Controller */ = {
			isa = PBXGroup;
			children = (
				040EDEC61E6D34D200EA70A7 /* HighManagerMoneyViewController.swift */,
				04158BB21E6E833F00CF50B8 /* HighManagerDetailViewController.swift */,
			);
			name = Controller;
			sourceTree = "<group>";
		};
		0411423C1E78E89400663882 /* 长按拖拽编辑 */ = {
			isa = PBXGroup;
			children = (
				0411423D1E78E8B900663882 /* ChannelViewController.swift */,
			);
			name = "长按拖拽编辑";
			sourceTree = "<group>";
		};
		0411423F1E793E6200663882 /* Cell折叠效果 */ = {
			isa = PBXGroup;
			children = (
				041142401E79457B00663882 /* FoldViewController.swift */,
				041142421E7945A500663882 /* FoldTableViewCell.swift */,
			);
			name = "Cell折叠效果";
			sourceTree = "<group>";
		};
		041142441E7952F700663882 /* 导航双波浪动画波纹 */ = {
			isa = PBXGroup;
			children = (
				041142461E79531300663882 /* View */,
				041142451E79530D00663882 /* Controller */,
			);
			name = "导航双波浪动画波纹";
			sourceTree = "<group>";
		};
		041142451E79530D00663882 /* Controller */ = {
			isa = PBXGroup;
			children = (
				041142471E79532C00663882 /* NavWaveViewController.swift */,
			);
			name = Controller;
			sourceTree = "<group>";
		};
		041142461E79531300663882 /* View */ = {
			isa = PBXGroup;
			children = (
				041142491E79534900663882 /* NavWaveView.swift */,
			);
			name = View;
			sourceTree = "<group>";
		};
		04186D251E7B877400CC4951 /* Menu菜单 */ = {
			isa = PBXGroup;
			children = (
				04186D261E7B878700CC4951 /* Controller */,
			);
			name = "Menu菜单";
			sourceTree = "<group>";
		};
		04186D261E7B878700CC4951 /* Controller */ = {
			isa = PBXGroup;
			children = (
				04186D271E7B87AB00CC4951 /* MenuHomeViewController.swift */,
				04186D2D1E7B888000CC4951 /* MenuHomeViewController.xib */,
				04186D291E7B87B900CC4951 /* MenuMainViewController.swift */,
				04186D2F1E7B8DEB00CC4951 /* MenuMainViewController.xib */,
				04186D2B1E7B87C400CC4951 /* MenuDetailViewController.swift */,
				04186D311E7BB29900CC4951 /* MenuDetailViewController.xib */,
			);
			name = Controller;
			sourceTree = "<group>";
		};
		04186D331E7BDEB900CC4951 /* mask使用，渐变进度条 */ = {
			isa = PBXGroup;
			children = (
				04186D341E7BDF2200CC4951 /* MaskTestViewController.swift */,
			);
			name = "mask使用，渐变进度条";
			sourceTree = "<group>";
		};
		041FD6BA1E7F786E004F3B33 /* UILabel的缩放动画 */ = {
			isa = PBXGroup;
			children = (
				041FD6BB1E7FAB32004F3B33 /* ScaleLabelViewController.swift */,
			);
			name = "UILabel的缩放动画";
			sourceTree = "<group>";
		};
		043481951E6FB883000AAB5F /* TableView点击动画 */ = {
			isa = PBXGroup;
			children = (
				043481931E6FAFEF000AAB5F /* TableViewTapAnimationController.swift */,
				043481961E6FB99E000AAB5F /* TapAnimationCell.swift */,
				04F4FEDA1E70F0860017937F /* CustomCell.swift */,
				04F4FEDC1E70F9BA0017937F /* TapAnimationModel.swift */,
			);
			name = "TableView点击动画";
			sourceTree = "<group>";
		};
		0436BF6A1E88C2230010794A /* 闪光动画 */ = {
			isa = PBXGroup;
			children = (
				0436BF6B1E88C23F0010794A /* ShinningViewController.swift */,
			);
			name = "闪光动画";
			sourceTree = "<group>";
		};
		043C7CF01E890D880009C6C2 /* 点击cell改变高度 */ = {
			isa = PBXGroup;
			children = (
				043C7CF11E890DB00009C6C2 /* TapCellAnimationViewController.swift */,
				043C7CF31E890E2A0009C6C2 /* TapCellModel.swift */,
				043C7CF51E890E590009C6C2 /* TapTableViewCell.swift */,
			);
			name = "点击cell改变高度";
			sourceTree = "<group>";
		};
		04645A8F1E84F2A6000D2B7F /* 导航头像随着滑动缩放 */ = {
			isa = PBXGroup;
			children = (
				04645A901E84F2ED000D2B7F /* NavgationImgScaleViewController.swift */,
			);
			name = "导航头像随着滑动缩放";
			sourceTree = "<group>";
		};
		047A05161E4995AF00D2CDB5 = {
			isa = PBXGroup;
			children = (
				047A05211E4995AF00D2CDB5 /* Loading */,
				047A05361E4995AF00D2CDB5 /* LoadingTests */,
				047A05411E4995AF00D2CDB5 /* LoadingUITests */,
				047A05201E4995AF00D2CDB5 /* Products */,
				D021AC78F4D905BBEE8A7638 /* Pods */,
				7AD0FCDBCA9A82685C7E7DD8 /* Frameworks */,
			);
			sourceTree = "<group>";
		};
		047A05201E4995AF00D2CDB5 /* Products */ = {
			isa = PBXGroup;
			children = (
				047A051F1E4995AF00D2CDB5 /* Loading.app */,
				047A05331E4995AF00D2CDB5 /* LoadingTests.xctest */,
				047A053E1E4995AF00D2CDB5 /* LoadingUITests.xctest */,
			);
			name = Products;
			sourceTree = "<group>";
		};
		047A05211E4995AF00D2CDB5 /* Loading */ = {
			isa = PBXGroup;
			children = (
				043C7CF01E890D880009C6C2 /* 点击cell改变高度 */,
				0436BF6A1E88C2230010794A /* 闪光动画 */,
				04A391431E8513DB000D49C0 /* tableView的展开缩放动画 */,
				04645A8F1E84F2A6000D2B7F /* 导航头像随着滑动缩放 */,
				041FD6BA1E7F786E004F3B33 /* UILabel的缩放动画 */,
				04186D331E7BDEB900CC4951 /* mask使用，渐变进度条 */,
				04186D251E7B877400CC4951 /* Menu菜单 */,
				041142441E7952F700663882 /* 导航双波浪动画波纹 */,
				0411423F1E793E6200663882 /* Cell折叠效果 */,
				0411423C1E78E89400663882 /* 长按拖拽编辑 */,
				047AF3121E77CF92007E6A0C /* 侧滑 */,
				040EDEC51E6D34B200EA70A7 /* 高端理财 */,
				047A05221E4995AF00D2CDB5 /* AppDelegate.swift */,
				047A05241E4995AF00D2CDB5 /* ViewController.swift */,
				047A05501E49966A00D2CDB5 /* LaunchScreenViewController.swift */,
				043D79981E4AB7FE00B80296 /* LoadingIndicatorViewController.swift */,
				043D79A81E4B0A6900B80296 /* LoginViewController.swift */,
				0465A39F1E4C4A7400BAB06D /* LoginTextFieldAnimationViewController.swift */,
				0465A3A11E4C701E00BAB06D /* ShoppingViewController.swift */,
				04CC7F851E4D8770002A0958 /* SignViewController.swift */,
				0448CD111E52EB8900A6C0EE /* ApplauseViewController.swift */,
				041EE3ED1E54051300593A77 /* GestureUnlockViewController.swift */,
				04B9EC101E5588E60036D561 /* CircleSpreadViewController.swift */,
				04B9EC121E558B010036D561 /* CircleSpreadPresentedViewController.swift */,
				0458E0591E56D21B001EA20B /* PopPresentViewControoler.swift */,
				0458E05B1E56D238001EA20B /* PopPresentedViewControoler.swift */,
				04CC7F871E4DB3AD002A0958 /* NavigationWavaViewController.swift */,
				040B377D1E5EAF3E00795190 /* StudyOnLineViewController.swift */,
				040EF00B1E6027C800EC65A6 /* PieChatViewController.swift */,
				040EFA1F1E6667CF0057AB52 /* InteractionViewControoler.swift */,
				040EFA211E66779D0057AB52 /* EmitterViewController.swift */,
				040EFA231E6697160057AB52 /* UCHeaderPullAnimationViewController.swift */,
				04F965F51E6D07B500FAD5AA /* CountingViewController.swift */,
				0400F79C1EC00B63003FBAA1 /* SearchBarViewController.swift */,
				043481951E6FB883000AAB5F /* TableView点击动画 */,
				047A05261E4995AF00D2CDB5 /* Main.storyboard */,
				047A05291E4995AF00D2CDB5 /* Assets.xcassets */,
				047A052B1E4995AF00D2CDB5 /* LaunchScreen.storyboard */,
				047A052E1E4995AF00D2CDB5 /* Info.plist */,
			);
			path = Loading;
			sourceTree = "<group>";
		};
		047A05361E4995AF00D2CDB5 /* LoadingTests */ = {
			isa = PBXGroup;
			children = (
				047A05371E4995AF00D2CDB5 /* LoadingTests.swift */,
				047A05391E4995AF00D2CDB5 /* Info.plist */,
			);
			path = LoadingTests;
			sourceTree = "<group>";
		};
		047A05411E4995AF00D2CDB5 /* LoadingUITests */ = {
			isa = PBXGroup;
			children = (
				047A05421E4995AF00D2CDB5 /* LoadingUITests.swift */,
				047A05441E4995AF00D2CDB5 /* Info.plist */,
			);
			path = LoadingUITests;
			sourceTree = "<group>";
		};
		047AF3121E77CF92007E6A0C /* 侧滑 */ = {
			isa = PBXGroup;
			children = (
				047AF3141E77CFB4007E6A0C /* View */,
				047AF3131E77CFAC007E6A0C /* Controller */,
			);
			name = "侧滑";
			sourceTree = "<group>";
		};
		047AF3131E77CFAC007E6A0C /* Controller */ = {
			isa = PBXGroup;
			children = (
				047AF3151E77CFDF007E6A0C /* BaseDragerViewController.swift */,
				047AF3171E77F186007E6A0C /* DragerViewController.swift */,
				047AF31D1E7801D6007E6A0C /* LeftViewController.swift */,
			);
			name = Controller;
			sourceTree = "<group>";
		};
		047AF3141E77CFB4007E6A0C /* View */ = {
			isa = PBXGroup;
			children = (
				047AF3191E77F2D7007E6A0C /* NavgationView.swift */,
				047AF31B1E77F31B007E6A0C /* NavgationView.xib */,
			);
			name = View;
			sourceTree = "<group>";
		};
		04A391431E8513DB000D49C0 /* tableView的展开缩放动画 */ = {
			isa = PBXGroup;
			children = (
				04A391441E851943000D49C0 /* HeaderViewTapAnimationViewController.swift */,
				04A391461E851AC8000D49C0 /* ClassStudentsCell.swift */,
				04A391481E851B5C000D49C0 /* ClassModel.swift */,
				04A3914A1E851BA5000D49C0 /* ClassHeaderView.swift */,
			);
			name = "tableView的展开缩放动画";
			sourceTree = "<group>";
		};
		7AD0FCDBCA9A82685C7E7DD8 /* Frameworks */ = {
			isa = PBXGroup;
			children = (
				FA9E602A96F04D74678DA3B9 /* libPods-Loading.a */,
			);
			name = Frameworks;
			sourceTree = "<group>";
		};
		D021AC78F4D905BBEE8A7638 /* Pods */ = {
			isa = PBXGroup;
			children = (
				03EB1D7635955D9DEFECB1FB /* Pods-Loading.debug.xcconfig */,
				77ED8C83FF1CAB4979811AAC /* Pods-Loading.release.xcconfig */,
			);
			name = Pods;
			sourceTree = "<group>";
		};
/* End PBXGroup section */

/* Begin PBXNativeTarget section */
		047A051E1E4995AF00D2CDB5 /* Loading */ = {
			isa = PBXNativeTarget;
			buildConfigurationList = 047A05471E4995AF00D2CDB5 /* Build configuration list for PBXNativeTarget "Loading" */;
			buildPhases = (
				B648E43956D88029AF319662 /* [CP] Check Pods Manifest.lock */,
				047A051B1E4995AF00D2CDB5 /* Sources */,
				047A051C1E4995AF00D2CDB5 /* Frameworks */,
				047A051D1E4995AF00D2CDB5 /* Resources */,
				F621257CA4BA57AED9662A5E /* [CP] Embed Pods Frameworks */,
				6C1FADB84BF34238287A7BB2 /* [CP] Copy Pods Resources */,
			);
			buildRules = (
			);
			dependencies = (
			);
			name = Loading;
			productName = Loading;
			productReference = 047A051F1E4995AF00D2CDB5 /* Loading.app */;
			productType = "com.apple.product-type.application";
		};
		047A05321E4995AF00D2CDB5 /* LoadingTests */ = {
			isa = PBXNativeTarget;
			buildConfigurationList = 047A054A1E4995AF00D2CDB5 /* Build configuration list for PBXNativeTarget "LoadingTests" */;
			buildPhases = (
				047A052F1E4995AF00D2CDB5 /* Sources */,
				047A05301E4995AF00D2CDB5 /* Frameworks */,
				047A05311E4995AF00D2CDB5 /* Resources */,
			);
			buildRules = (
			);
			dependencies = (
				047A05351E4995AF00D2CDB5 /* PBXTargetDependency */,
			);
			name = LoadingTests;
			productName = LoadingTests;
			productReference = 047A05331E4995AF00D2CDB5 /* LoadingTests.xctest */;
			productType = "com.apple.product-type.bundle.unit-test";
		};
		047A053D1E4995AF00D2CDB5 /* LoadingUITests */ = {
			isa = PBXNativeTarget;
			buildConfigurationList = 047A054D1E4995AF00D2CDB5 /* Build configuration list for PBXNativeTarget "LoadingUITests" */;
			buildPhases = (
				047A053A1E4995AF00D2CDB5 /* Sources */,
				047A053B1E4995AF00D2CDB5 /* Frameworks */,
				047A053C1E4995AF00D2CDB5 /* Resources */,
			);
			buildRules = (
			);
			dependencies = (
				047A05401E4995AF00D2CDB5 /* PBXTargetDependency */,
			);
			name = LoadingUITests;
			productName = LoadingUITests;
			productReference = 047A053E1E4995AF00D2CDB5 /* LoadingUITests.xctest */;
			productType = "com.apple.product-type.bundle.ui-testing";
		};
/* End PBXNativeTarget section */

/* Begin PBXProject section */
		047A05171E4995AF00D2CDB5 /* Project object */ = {
			isa = PBXProject;
			attributes = {
				LastSwiftUpdateCheck = 0810;
				LastUpgradeCheck = 0810;
				ORGANIZATIONNAME = czj;
				TargetAttributes = {
					047A051E1E4995AF00D2CDB5 = {
						CreatedOnToolsVersion = 8.1;
						DevelopmentTeam = 64A32B597K;
						LastSwiftMigration = 0810;
						ProvisioningStyle = Automatic;
					};
					047A05321E4995AF00D2CDB5 = {
						CreatedOnToolsVersion = 8.1;
						ProvisioningStyle = Automatic;
						TestTargetID = 047A051E1E4995AF00D2CDB5;
					};
					047A053D1E4995AF00D2CDB5 = {
						CreatedOnToolsVersion = 8.1;
						ProvisioningStyle = Automatic;
						TestTargetID = 047A051E1E4995AF00D2CDB5;
					};
				};
			};
			buildConfigurationList = 047A051A1E4995AF00D2CDB5 /* Build configuration list for PBXProject "Loading" */;
			compatibilityVersion = "Xcode 3.2";
			developmentRegion = English;
			hasScannedForEncodings = 0;
			knownRegions = (
				en,
				Base,
			);
			mainGroup = 047A05161E4995AF00D2CDB5;
			productRefGroup = 047A05201E4995AF00D2CDB5 /* Products */;
			projectDirPath = "";
			projectRoot = "";
			targets = (
				047A051E1E4995AF00D2CDB5 /* Loading */,
				047A05321E4995AF00D2CDB5 /* LoadingTests */,
				047A053D1E4995AF00D2CDB5 /* LoadingUITests */,
			);
		};
/* End PBXProject section */

/* Begin PBXResourcesBuildPhase section */
		047A051D1E4995AF00D2CDB5 /* Resources */ = {
			isa = PBXResourcesBuildPhase;
			buildActionMask = 2147483647;
			files = (
				047AF31C1E77F31B007E6A0C /* NavgationView.xib in Resources */,
				04158BB71E6E87F700CF50B8 /* DetailHeaderView.xib in Resources */,
				047A052D1E4995AF00D2CDB5 /* LaunchScreen.storyboard in Resources */,
				04186D301E7B8DEB00CC4951 /* MenuMainViewController.xib in Resources */,
				04186D321E7BB29900CC4951 /* MenuDetailViewController.xib in Resources */,
				047A052A1E4995AF00D2CDB5 /* Assets.xcassets in Resources */,
				04186D2E1E7B888000CC4951 /* MenuHomeViewController.xib in Resources */,
				047A05281E4995AF00D2CDB5 /* Main.storyboard in Resources */,
			);
			runOnlyForDeploymentPostprocessing = 0;
		};
		047A05311E4995AF00D2CDB5 /* Resources */ = {
			isa = PBXResourcesBuildPhase;
			buildActionMask = 2147483647;
			files = (
			);
			runOnlyForDeploymentPostprocessing = 0;
		};
		047A053C1E4995AF00D2CDB5 /* Resources */ = {
			isa = PBXResourcesBuildPhase;
			buildActionMask = 2147483647;
			files = (
			);
			runOnlyForDeploymentPostprocessing = 0;
		};
/* End PBXResourcesBuildPhase section */

/* Begin PBXShellScriptBuildPhase section */
		6C1FADB84BF34238287A7BB2 /* [CP] Copy Pods Resources */ = {
			isa = PBXShellScriptBuildPhase;
			buildActionMask = 2147483647;
			files = (
			);
			inputPaths = (
			);
			name = "[CP] Copy Pods Resources";
			outputPaths = (
			);
			runOnlyForDeploymentPostprocessing = 0;
			shellPath = /bin/sh;
			shellScript = "\"${SRCROOT}/Pods/Target Support Files/Pods-Loading/Pods-Loading-resources.sh\"\n";
			showEnvVarsInLog = 0;
		};
		B648E43956D88029AF319662 /* [CP] Check Pods Manifest.lock */ = {
			isa = PBXShellScriptBuildPhase;
			buildActionMask = 2147483647;
			files = (
			);
			inputPaths = (
			);
			name = "[CP] Check Pods Manifest.lock";
			outputPaths = (
			);
			runOnlyForDeploymentPostprocessing = 0;
			shellPath = /bin/sh;
			shellScript = "diff \"${PODS_ROOT}/../Podfile.lock\" \"${PODS_ROOT}/Manifest.lock\" > /dev/null\nif [ $? != 0 ] ; then\n    # print error to STDERR\n    echo \"error: The sandbox is not in sync with the Podfile.lock. Run 'pod install' or update your CocoaPods installation.\" >&2\n    exit 1\nfi\n";
			showEnvVarsInLog = 0;
		};
		F621257CA4BA57AED9662A5E /* [CP] Embed Pods Frameworks */ = {
			isa = PBXShellScriptBuildPhase;
			buildActionMask = 2147483647;
			files = (
			);
			inputPaths = (
			);
			name = "[CP] Embed Pods Frameworks";
			outputPaths = (
			);
			runOnlyForDeploymentPostprocessing = 0;
			shellPath = /bin/sh;
			shellScript = "\"${SRCROOT}/Pods/Target Support Files/Pods-Loading/Pods-Loading-frameworks.sh\"\n";
			showEnvVarsInLog = 0;
		};
/* End PBXShellScriptBuildPhase section */

/* Begin PBXSourcesBuildPhase section */
		047A051B1E4995AF00D2CDB5 /* Sources */ = {
			isa = PBXSourcesBuildPhase;
			buildActionMask = 2147483647;
			files = (
				04F965F61E6D07B500FAD5AA /* CountingViewController.swift in Sources */,
				040B377E1E5EAF3E00795190 /* StudyOnLineViewController.swift in Sources */,
				043C7CF61E890E590009C6C2 /* TapTableViewCell.swift in Sources */,
				047AF3161E77CFDF007E6A0C /* BaseDragerViewController.swift in Sources */,
				04645A911E84F2ED000D2B7F /* NavgationImgScaleViewController.swift in Sources */,
				0458E05A1E56D21B001EA20B /* PopPresentViewControoler.swift in Sources */,
				040EFA201E6667CF0057AB52 /* InteractionViewControoler.swift in Sources */,
				04F4FEDB1E70F0870017937F /* CustomCell.swift in Sources */,
				0448CD121E52EB8900A6C0EE /* ApplauseViewController.swift in Sources */,
				0436BF6C1E88C23F0010794A /* ShinningViewController.swift in Sources */,
				04A391491E851B5C000D49C0 /* ClassModel.swift in Sources */,
				040EDECE1E6D3F8500EA70A7 /* HighManagerHeaderView.swift in Sources */,
				047A05251E4995AF00D2CDB5 /* ViewController.swift in Sources */,
				041142411E79457B00663882 /* FoldViewController.swift in Sources */,
				04186D351E7BDF2200CC4951 /* MaskTestViewController.swift in Sources */,
				04F4FEDD1E70F9BA0017937F /* TapAnimationModel.swift in Sources */,
				04A391451E851943000D49C0 /* HeaderViewTapAnimationViewController.swift in Sources */,
				043C7CF21E890DB00009C6C2 /* TapCellAnimationViewController.swift in Sources */,
				04B9EC131E558B010036D561 /* CircleSpreadPresentedViewController.swift in Sources */,
				040EF00C1E6027C800EC65A6 /* PieChatViewController.swift in Sources */,
				0411424A1E79534900663882 /* NavWaveView.swift in Sources */,
				041142481E79532C00663882 /* NavWaveViewController.swift in Sources */,
				041EE3EE1E54051300593A77 /* GestureUnlockViewController.swift in Sources */,
				04186D2C1E7B87C400CC4951 /* MenuDetailViewController.swift in Sources */,
				043D79991E4AB7FE00B80296 /* LoadingIndicatorViewController.swift in Sources */,
				047A05511E49966A00D2CDB5 /* LaunchScreenViewController.swift in Sources */,
				04158BB51E6E866D00CF50B8 /* DetailHeaderView.swift in Sources */,
				040EFA241E6697160057AB52 /* UCHeaderPullAnimationViewController.swift in Sources */,
				04158BB31E6E833F00CF50B8 /* HighManagerDetailViewController.swift in Sources */,
				04CC7F861E4D8770002A0958 /* SignViewController.swift in Sources */,
				04186D281E7B87AB00CC4951 /* MenuHomeViewController.swift in Sources */,
				040EDEC71E6D34D300EA70A7 /* HighManagerMoneyViewController.swift in Sources */,
				043481941E6FAFEF000AAB5F /* TableViewTapAnimationController.swift in Sources */,
				040EFA221E66779D0057AB52 /* EmitterViewController.swift in Sources */,
				047AF31A1E77F2D7007E6A0C /* NavgationView.swift in Sources */,
				0411423E1E78E8B900663882 /* ChannelViewController.swift in Sources */,
				04CC7F881E4DB3AD002A0958 /* NavigationWavaViewController.swift in Sources */,
				0465A3A21E4C701E00BAB06D /* ShoppingViewController.swift in Sources */,
				04B9EC111E5588E60036D561 /* CircleSpreadViewController.swift in Sources */,
				043481971E6FB99E000AAB5F /* TapAnimationCell.swift in Sources */,
				043C7CF41E890E2A0009C6C2 /* TapCellModel.swift in Sources */,
				043D79A91E4B0A6900B80296 /* LoginViewController.swift in Sources */,
				0400F79D1EC00B63003FBAA1 /* SearchBarViewController.swift in Sources */,
				0458E05C1E56D238001EA20B /* PopPresentedViewControoler.swift in Sources */,
				040EDED01E6D429A00EA70A7 /* HighManagerTableViewCell.swift in Sources */,
				047A05231E4995AF00D2CDB5 /* AppDelegate.swift in Sources */,
				04EE06E41E6D5C5E003BAA70 /* UIColor+Extension.swift in Sources */,
				04A391471E851AC8000D49C0 /* ClassStudentsCell.swift in Sources */,
				047AF3181E77F186007E6A0C /* DragerViewController.swift in Sources */,
				041142431E7945A500663882 /* FoldTableViewCell.swift in Sources */,
				047AF31E1E7801D6007E6A0C /* LeftViewController.swift in Sources */,
				04A3914B1E851BA5000D49C0 /* ClassHeaderView.swift in Sources */,
				04186D2A1E7B87B900CC4951 /* MenuMainViewController.swift in Sources */,
				040EDECC1E6D355A00EA70A7 /* NavTitleView.swift in Sources */,
				041FD6BC1E7FAB32004F3B33 /* ScaleLabelViewController.swift in Sources */,
				0465A3A01E4C4A7400BAB06D /* LoginTextFieldAnimationViewController.swift in Sources */,
			);
			runOnlyForDeploymentPostprocessing = 0;
		};
		047A052F1E4995AF00D2CDB5 /* Sources */ = {
			isa = PBXSourcesBuildPhase;
			buildActionMask = 2147483647;
			files = (
				047A05381E4995AF00D2CDB5 /* LoadingTests.swift in Sources */,
			);
			runOnlyForDeploymentPostprocessing = 0;
		};
		047A053A1E4995AF00D2CDB5 /* Sources */ = {
			isa = PBXSourcesBuildPhase;
			buildActionMask = 2147483647;
			files = (
				047A05431E4995AF00D2CDB5 /* LoadingUITests.swift in Sources */,
			);
			runOnlyForDeploymentPostprocessing = 0;
		};
/* End PBXSourcesBuildPhase section */

/* Begin PBXTargetDependency section */
		047A05351E4995AF00D2CDB5 /* PBXTargetDependency */ = {
			isa = PBXTargetDependency;
			target = 047A051E1E4995AF00D2CDB5 /* Loading */;
			targetProxy = 047A05341E4995AF00D2CDB5 /* PBXContainerItemProxy */;
		};
		047A05401E4995AF00D2CDB5 /* PBXTargetDependency */ = {
			isa = PBXTargetDependency;
			target = 047A051E1E4995AF00D2CDB5 /* Loading */;
			targetProxy = 047A053F1E4995AF00D2CDB5 /* PBXContainerItemProxy */;
		};
/* End PBXTargetDependency section */

/* Begin PBXVariantGroup section */
		047A05261E4995AF00D2CDB5 /* Main.storyboard */ = {
			isa = PBXVariantGroup;
			children = (
				047A05271E4995AF00D2CDB5 /* Base */,
			);
			name = Main.storyboard;
			sourceTree = "<group>";
		};
		047A052B1E4995AF00D2CDB5 /* LaunchScreen.storyboard */ = {
			isa = PBXVariantGroup;
			children = (
				047A052C1E4995AF00D2CDB5 /* Base */,
			);
			name = LaunchScreen.storyboard;
			sourceTree = "<group>";
		};
/* End PBXVariantGroup section */

/* Begin XCBuildConfiguration section */
		047A05451E4995AF00D2CDB5 /* Debug */ = {
			isa = XCBuildConfiguration;
			buildSettings = {
				ALWAYS_SEARCH_USER_PATHS = NO;
				CLANG_ANALYZER_NONNULL = YES;
				CLANG_CXX_LANGUAGE_STANDARD = "gnu++0x";
				CLANG_CXX_LIBRARY = "libc++";
				CLANG_ENABLE_MODULES = YES;
				CLANG_ENABLE_OBJC_ARC = YES;
				CLANG_WARN_BOOL_CONVERSION = YES;
				CLANG_WARN_CONSTANT_CONVERSION = YES;
				CLANG_WARN_DIRECT_OBJC_ISA_USAGE = YES_ERROR;
				CLANG_WARN_DOCUMENTATION_COMMENTS = YES;
				CLANG_WARN_EMPTY_BODY = YES;
				CLANG_WARN_ENUM_CONVERSION = YES;
				CLANG_WARN_INFINITE_RECURSION = YES;
				CLANG_WARN_INT_CONVERSION = YES;
				CLANG_WARN_OBJC_ROOT_CLASS = YES_ERROR;
				CLANG_WARN_SUSPICIOUS_MOVES = YES;
				CLANG_WARN_UNREACHABLE_CODE = YES;
				CLANG_WARN__DUPLICATE_METHOD_MATCH = YES;
				"CODE_SIGN_IDENTITY[sdk=iphoneos*]" = "iPhone Developer";
				COPY_PHASE_STRIP = NO;
				DEBUG_INFORMATION_FORMAT = dwarf;
				ENABLE_STRICT_OBJC_MSGSEND = YES;
				ENABLE_TESTABILITY = YES;
				GCC_C_LANGUAGE_STANDARD = gnu99;
				GCC_DYNAMIC_NO_PIC = NO;
				GCC_NO_COMMON_BLOCKS = YES;
				GCC_OPTIMIZATION_LEVEL = 0;
				GCC_PREPROCESSOR_DEFINITIONS = (
					"DEBUG=1",
					"$(inherited)",
				);
				GCC_WARN_64_TO_32_BIT_CONVERSION = YES;
				GCC_WARN_ABOUT_RETURN_TYPE = YES_ERROR;
				GCC_WARN_UNDECLARED_SELECTOR = YES;
				GCC_WARN_UNINITIALIZED_AUTOS = YES_AGGRESSIVE;
				GCC_WARN_UNUSED_FUNCTION = YES;
				GCC_WARN_UNUSED_VARIABLE = YES;
				IPHONEOS_DEPLOYMENT_TARGET = 10.1;
				MTL_ENABLE_DEBUG_INFO = YES;
				ONLY_ACTIVE_ARCH = YES;
				SDKROOT = iphoneos;
				SWIFT_ACTIVE_COMPILATION_CONDITIONS = DEBUG;
				SWIFT_OPTIMIZATION_LEVEL = "-Onone";
			};
			name = Debug;
		};
		047A05461E4995AF00D2CDB5 /* Release */ = {
			isa = XCBuildConfiguration;
			buildSettings = {
				ALWAYS_SEARCH_USER_PATHS = NO;
				CLANG_ANALYZER_NONNULL = YES;
				CLANG_CXX_LANGUAGE_STANDARD = "gnu++0x";
				CLANG_CXX_LIBRARY = "libc++";
				CLANG_ENABLE_MODULES = YES;
				CLANG_ENABLE_OBJC_ARC = YES;
				CLANG_WARN_BOOL_CONVERSION = YES;
				CLANG_WARN_CONSTANT_CONVERSION = YES;
				CLANG_WARN_DIRECT_OBJC_ISA_USAGE = YES_ERROR;
				CLANG_WARN_DOCUMENTATION_COMMENTS = YES;
				CLANG_WARN_EMPTY_BODY = YES;
				CLANG_WARN_ENUM_CONVERSION = YES;
				CLANG_WARN_INFINITE_RECURSION = YES;
				CLANG_WARN_INT_CONVERSION = YES;
				CLANG_WARN_OBJC_ROOT_CLASS = YES_ERROR;
				CLANG_WARN_SUSPICIOUS_MOVES = YES;
				CLANG_WARN_UNREACHABLE_CODE = YES;
				CLANG_WARN__DUPLICATE_METHOD_MATCH = YES;
				"CODE_SIGN_IDENTITY[sdk=iphoneos*]" = "iPhone Developer";
				COPY_PHASE_STRIP = NO;
				DEBUG_INFORMATION_FORMAT = "dwarf-with-dsym";
				ENABLE_NS_ASSERTIONS = NO;
				ENABLE_STRICT_OBJC_MSGSEND = YES;
				GCC_C_LANGUAGE_STANDARD = gnu99;
				GCC_NO_COMMON_BLOCKS = YES;
				GCC_WARN_64_TO_32_BIT_CONVERSION = YES;
				GCC_WARN_ABOUT_RETURN_TYPE = YES_ERROR;
				GCC_WARN_UNDECLARED_SELECTOR = YES;
				GCC_WARN_UNINITIALIZED_AUTOS = YES_AGGRESSIVE;
				GCC_WARN_UNUSED_FUNCTION = YES;
				GCC_WARN_UNUSED_VARIABLE = YES;
				IPHONEOS_DEPLOYMENT_TARGET = 10.1;
				MTL_ENABLE_DEBUG_INFO = NO;
				SDKROOT = iphoneos;
				SWIFT_OPTIMIZATION_LEVEL = "-Owholemodule";
				VALIDATE_PRODUCT = YES;
			};
			name = Release;
		};
		047A05481E4995AF00D2CDB5 /* Debug */ = {
			isa = XCBuildConfiguration;
			baseConfigurationReference = 03EB1D7635955D9DEFECB1FB /* Pods-Loading.debug.xcconfig */;
			buildSettings = {
				ASSETCATALOG_COMPILER_APPICON_NAME = AppIcon;
				CLANG_ENABLE_MODULES = YES;
				DEVELOPMENT_TEAM = 64A32B597K;
				INFOPLIST_FILE = Loading/Info.plist;
				IPHONEOS_DEPLOYMENT_TARGET = 9.0;
				LD_RUNPATH_SEARCH_PATHS = "$(inherited) @executable_path/Frameworks";
				PRODUCT_BUNDLE_IDENTIFIER = com.jlkj.Loading;
				PRODUCT_NAME = "$(TARGET_NAME)";
				SWIFT_OBJC_BRIDGING_HEADER = "Loading/Loading-Bridging-Header.h";
				SWIFT_OPTIMIZATION_LEVEL = "-Onone";
				SWIFT_VERSION = 3.0;
			};
			name = Debug;
		};
		047A05491E4995AF00D2CDB5 /* Release */ = {
			isa = XCBuildConfiguration;
			baseConfigurationReference = 77ED8C83FF1CAB4979811AAC /* Pods-Loading.release.xcconfig */;
			buildSettings = {
				ASSETCATALOG_COMPILER_APPICON_NAME = AppIcon;
				CLANG_ENABLE_MODULES = YES;
				DEVELOPMENT_TEAM = 64A32B597K;
				INFOPLIST_FILE = Loading/Info.plist;
				IPHONEOS_DEPLOYMENT_TARGET = 9.0;
				LD_RUNPATH_SEARCH_PATHS = "$(inherited) @executable_path/Frameworks";
				PRODUCT_BUNDLE_IDENTIFIER = com.jlkj.Loading;
				PRODUCT_NAME = "$(TARGET_NAME)";
				SWIFT_OBJC_BRIDGING_HEADER = "Loading/Loading-Bridging-Header.h";
				SWIFT_VERSION = 3.0;
			};
			name = Release;
		};
		047A054B1E4995AF00D2CDB5 /* Debug */ = {
			isa = XCBuildConfiguration;
			buildSettings = {
				ALWAYS_EMBED_SWIFT_STANDARD_LIBRARIES = YES;
				BUNDLE_LOADER = "$(TEST_HOST)";
				INFOPLIST_FILE = LoadingTests/Info.plist;
				LD_RUNPATH_SEARCH_PATHS = "$(inherited) @executable_path/Frameworks @loader_path/Frameworks";
				PRODUCT_BUNDLE_IDENTIFIER = com.jlkj.LoadingTests;
				PRODUCT_NAME = "$(TARGET_NAME)";
				SWIFT_VERSION = 3.0;
				TEST_HOST = "$(BUILT_PRODUCTS_DIR)/Loading.app/Loading";
			};
			name = Debug;
		};
		047A054C1E4995AF00D2CDB5 /* Release */ = {
			isa = XCBuildConfiguration;
			buildSettings = {
				ALWAYS_EMBED_SWIFT_STANDARD_LIBRARIES = YES;
				BUNDLE_LOADER = "$(TEST_HOST)";
				INFOPLIST_FILE = LoadingTests/Info.plist;
				LD_RUNPATH_SEARCH_PATHS = "$(inherited) @executable_path/Frameworks @loader_path/Frameworks";
				PRODUCT_BUNDLE_IDENTIFIER = com.jlkj.LoadingTests;
				PRODUCT_NAME = "$(TARGET_NAME)";
				SWIFT_VERSION = 3.0;
				TEST_HOST = "$(BUILT_PRODUCTS_DIR)/Loading.app/Loading";
			};
			name = Release;
		};
		047A054E1E4995AF00D2CDB5 /* Debug */ = {
			isa = XCBuildConfiguration;
			buildSettings = {
				ALWAYS_EMBED_SWIFT_STANDARD_LIBRARIES = YES;
				INFOPLIST_FILE = LoadingUITests/Info.plist;
				LD_RUNPATH_SEARCH_PATHS = "$(inherited) @executable_path/Frameworks @loader_path/Frameworks";
				PRODUCT_BUNDLE_IDENTIFIER = com.jlkj.LoadingUITests;
				PRODUCT_NAME = "$(TARGET_NAME)";
				SWIFT_VERSION = 3.0;
				TEST_TARGET_NAME = Loading;
			};
			name = Debug;
		};
		047A054F1E4995AF00D2CDB5 /* Release */ = {
			isa = XCBuildConfiguration;
			buildSettings = {
				ALWAYS_EMBED_SWIFT_STANDARD_LIBRARIES = YES;
				INFOPLIST_FILE = LoadingUITests/Info.plist;
				LD_RUNPATH_SEARCH_PATHS = "$(inherited) @executable_path/Frameworks @loader_path/Frameworks";
				PRODUCT_BUNDLE_IDENTIFIER = com.jlkj.LoadingUITests;
				PRODUCT_NAME = "$(TARGET_NAME)";
				SWIFT_VERSION = 3.0;
				TEST_TARGET_NAME = Loading;
			};
			name = Release;
		};
/* End XCBuildConfiguration section */

/* Begin XCConfigurationList section */
		047A051A1E4995AF00D2CDB5 /* Build configuration list for PBXProject "Loading" */ = {
			isa = XCConfigurationList;
			buildConfigurations = (
				047A05451E4995AF00D2CDB5 /* Debug */,
				047A05461E4995AF00D2CDB5 /* Release */,
			);
			defaultConfigurationIsVisible = 0;
			defaultConfigurationName = Release;
		};
		047A05471E4995AF00D2CDB5 /* Build configuration list for PBXNativeTarget "Loading" */ = {
			isa = XCConfigurationList;
			buildConfigurations = (
				047A05481E4995AF00D2CDB5 /* Debug */,
				047A05491E4995AF00D2CDB5 /* Release */,
			);
			defaultConfigurationIsVisible = 0;
			defaultConfigurationName = Release;
		};
		047A054A1E4995AF00D2CDB5 /* Build configuration list for PBXNativeTarget "LoadingTests" */ = {
			isa = XCConfigurationList;
			buildConfigurations = (
				047A054B1E4995AF00D2CDB5 /* Debug */,
				047A054C1E4995AF00D2CDB5 /* Release */,
			);
			defaultConfigurationIsVisible = 0;
			defaultConfigurationName = Release;
		};
		047A054D1E4995AF00D2CDB5 /* Build configuration list for PBXNativeTarget "LoadingUITests" */ = {
			isa = XCConfigurationList;
			buildConfigurations = (
				047A054E1E4995AF00D2CDB5 /* Debug */,
				047A054F1E4995AF00D2CDB5 /* Release */,
			);
			defaultConfigurationIsVisible = 0;
			defaultConfigurationName = Release;
		};
/* End XCConfigurationList section */
	};
	rootObject = 047A05171E4995AF00D2CDB5 /* Project object */;
}
